// !$*UTF8*$!
{
	archiveVersion = 1;
	classes = {
	};
	objectVersion = 50;
	objects = {

/* Begin PBXBuildFile section */
		4217B6A62469F28800B2124C /* GameManager.swift in Sources */ = {isa = PBXBuildFile; fileRef = 4217B6A52469F28800B2124C /* GameManager.swift */; };
		425029012469287000BA6E54 /* ChatBubble.swift in Sources */ = {isa = PBXBuildFile; fileRef = 425029002469287000BA6E54 /* ChatBubble.swift */; };
		4250290324692C6600BA6E54 /* CardTests.swift in Sources */ = {isa = PBXBuildFile; fileRef = 4250290224692C6600BA6E54 /* CardTests.swift */; };
		42952121246537ED001DCEB7 /* AppDelegate.swift in Sources */ = {isa = PBXBuildFile; fileRef = 42952120246537ED001DCEB7 /* AppDelegate.swift */; };
		42952125246537ED001DCEB7 /* MainMenuController.swift in Sources */ = {isa = PBXBuildFile; fileRef = 42952124246537ED001DCEB7 /* MainMenuController.swift */; };
		42952128246537ED001DCEB7 /* Main.storyboard in Resources */ = {isa = PBXBuildFile; fileRef = 42952126246537ED001DCEB7 /* Main.storyboard */; };
		4295212B246537ED001DCEB7 /* iOSCardGames.xcdatamodeld in Sources */ = {isa = PBXBuildFile; fileRef = 42952129246537ED001DCEB7 /* iOSCardGames.xcdatamodeld */; };
		4295212D246537EF001DCEB7 /* Assets.xcassets in Resources */ = {isa = PBXBuildFile; fileRef = 4295212C246537EF001DCEB7 /* Assets.xcassets */; };
		42952130246537EF001DCEB7 /* LaunchScreen.storyboard in Resources */ = {isa = PBXBuildFile; fileRef = 4295212E246537EF001DCEB7 /* LaunchScreen.storyboard */; };
		4295213B246537EF001DCEB7 /* iOSCardGamesTests.swift in Sources */ = {isa = PBXBuildFile; fileRef = 4295213A246537EF001DCEB7 /* iOSCardGamesTests.swift */; };
		42952146246537EF001DCEB7 /* iOSCardGamesUITests.swift in Sources */ = {isa = PBXBuildFile; fileRef = 42952145246537EF001DCEB7 /* iOSCardGamesUITests.swift */; };
		4295215524653845001DCEB7 /* Deck.swift in Sources */ = {isa = PBXBuildFile; fileRef = 4295215424653845001DCEB7 /* Deck.swift */; };
		4295215724653850001DCEB7 /* Card.swift in Sources */ = {isa = PBXBuildFile; fileRef = 4295215624653850001DCEB7 /* Card.swift */; };
		4295215B24653DB1001DCEB7 /* Logger.swift in Sources */ = {isa = PBXBuildFile; fileRef = 4295215A24653DB1001DCEB7 /* Logger.swift */; };
		4295215D246547A2001DCEB7 /* GameRule.swift in Sources */ = {isa = PBXBuildFile; fileRef = 4295215C246547A2001DCEB7 /* GameRule.swift */; };
		4295215F24654857001DCEB7 /* BridgeGameRule.swift in Sources */ = {isa = PBXBuildFile; fileRef = 4295215E24654857001DCEB7 /* BridgeGameRule.swift */; };
		4295216224654E36001DCEB7 /* GameServer.swift in Sources */ = {isa = PBXBuildFile; fileRef = 4295216124654E36001DCEB7 /* GameServer.swift */; };
		4295216424654E42001DCEB7 /* GameClient.swift in Sources */ = {isa = PBXBuildFile; fileRef = 4295216324654E42001DCEB7 /* GameClient.swift */; };
		429521672465526A001DCEB7 /* LobbyController.swift in Sources */ = {isa = PBXBuildFile; fileRef = 429521662465526A001DCEB7 /* LobbyController.swift */; };
		4295216924655D83001DCEB7 /* NetworkManager.swift in Sources */ = {isa = PBXBuildFile; fileRef = 4295216824655D83001DCEB7 /* NetworkManager.swift */; };
		4295216B24655DE8001DCEB7 /* NetworkingProtocol.swift in Sources */ = {isa = PBXBuildFile; fileRef = 4295216A24655DE8001DCEB7 /* NetworkingProtocol.swift */; };
		42AB3BE324688E04004579DE /* LogTableViewCell.swift in Sources */ = {isa = PBXBuildFile; fileRef = 42AB3BE224688E04004579DE /* LogTableViewCell.swift */; };
		90E578383153AF5C417F1FD2 /* Pods_iOSCardGames.framework in Frameworks */ = {isa = PBXBuildFile; fileRef = 8CB82BAF049FD534EB895008 /* Pods_iOSCardGames.framework */; };
		ACBCFB40DA22D1BFBFDA7BF1 /* Pods_iOSCardGamesTests.framework in Frameworks */ = {isa = PBXBuildFile; fileRef = 7482653470F8A3850AC2E3C8 /* Pods_iOSCardGamesTests.framework */; };
		F0266933EB81A347DC49AE2D /* Pods_iOSCardGames_iOSCardGamesUITests.framework in Frameworks */ = {isa = PBXBuildFile; fileRef = F4302761A74B02699E6259B3 /* Pods_iOSCardGames_iOSCardGamesUITests.framework */; };
/* End PBXBuildFile section */

/* Begin PBXContainerItemProxy section */
		42952137246537EF001DCEB7 /* PBXContainerItemProxy */ = {
			isa = PBXContainerItemProxy;
			containerPortal = 42952115246537EC001DCEB7 /* Project object */;
			proxyType = 1;
			remoteGlobalIDString = 4295211C246537EC001DCEB7;
			remoteInfo = iOSCardGames;
		};
		42952142246537EF001DCEB7 /* PBXContainerItemProxy */ = {
			isa = PBXContainerItemProxy;
			containerPortal = 42952115246537EC001DCEB7 /* Project object */;
			proxyType = 1;
			remoteGlobalIDString = 4295211C246537EC001DCEB7;
			remoteInfo = iOSCardGames;
		};
/* End PBXContainerItemProxy section */

/* Begin PBXFileReference section */
		4217B6A52469F28800B2124C /* GameManager.swift */ = {isa = PBXFileReference; lastKnownFileType = sourcecode.swift; path = GameManager.swift; sourceTree = "<group>"; };
		425029002469287000BA6E54 /* ChatBubble.swift */ = {isa = PBXFileReference; lastKnownFileType = sourcecode.swift; path = ChatBubble.swift; sourceTree = "<group>"; };
		4250290224692C6600BA6E54 /* CardTests.swift */ = {isa = PBXFileReference; lastKnownFileType = sourcecode.swift; path = CardTests.swift; sourceTree = "<group>"; };
		4295211D246537EC001DCEB7 /* iOSCardGames.app */ = {isa = PBXFileReference; explicitFileType = wrapper.application; includeInIndex = 0; path = iOSCardGames.app; sourceTree = BUILT_PRODUCTS_DIR; };
		42952120246537ED001DCEB7 /* AppDelegate.swift */ = {isa = PBXFileReference; lastKnownFileType = sourcecode.swift; path = AppDelegate.swift; sourceTree = "<group>"; };
		42952124246537ED001DCEB7 /* MainMenuController.swift */ = {isa = PBXFileReference; lastKnownFileType = sourcecode.swift; path = MainMenuController.swift; sourceTree = "<group>"; };
		42952127246537ED001DCEB7 /* Base */ = {isa = PBXFileReference; lastKnownFileType = file.storyboard; name = Base; path = Base.lproj/Main.storyboard; sourceTree = "<group>"; };
		4295212A246537ED001DCEB7 /* iOSCardGames.xcdatamodel */ = {isa = PBXFileReference; lastKnownFileType = wrapper.xcdatamodel; path = iOSCardGames.xcdatamodel; sourceTree = "<group>"; };
		4295212C246537EF001DCEB7 /* Assets.xcassets */ = {isa = PBXFileReference; lastKnownFileType = folder.assetcatalog; path = Assets.xcassets; sourceTree = "<group>"; };
		4295212F246537EF001DCEB7 /* Base */ = {isa = PBXFileReference; lastKnownFileType = file.storyboard; name = Base; path = Base.lproj/LaunchScreen.storyboard; sourceTree = "<group>"; };
		42952131246537EF001DCEB7 /* Info.plist */ = {isa = PBXFileReference; lastKnownFileType = text.plist.xml; path = Info.plist; sourceTree = "<group>"; };
		42952136246537EF001DCEB7 /* iOSCardGamesTests.xctest */ = {isa = PBXFileReference; explicitFileType = wrapper.cfbundle; includeInIndex = 0; path = iOSCardGamesTests.xctest; sourceTree = BUILT_PRODUCTS_DIR; };
		4295213A246537EF001DCEB7 /* iOSCardGamesTests.swift */ = {isa = PBXFileReference; lastKnownFileType = sourcecode.swift; path = iOSCardGamesTests.swift; sourceTree = "<group>"; };
		4295213C246537EF001DCEB7 /* Info.plist */ = {isa = PBXFileReference; lastKnownFileType = text.plist.xml; path = Info.plist; sourceTree = "<group>"; };
		42952141246537EF001DCEB7 /* iOSCardGamesUITests.xctest */ = {isa = PBXFileReference; explicitFileType = wrapper.cfbundle; includeInIndex = 0; path = iOSCardGamesUITests.xctest; sourceTree = BUILT_PRODUCTS_DIR; };
		42952145246537EF001DCEB7 /* iOSCardGamesUITests.swift */ = {isa = PBXFileReference; lastKnownFileType = sourcecode.swift; path = iOSCardGamesUITests.swift; sourceTree = "<group>"; };
		42952147246537EF001DCEB7 /* Info.plist */ = {isa = PBXFileReference; lastKnownFileType = text.plist.xml; path = Info.plist; sourceTree = "<group>"; };
		4295215424653845001DCEB7 /* Deck.swift */ = {isa = PBXFileReference; lastKnownFileType = sourcecode.swift; path = Deck.swift; sourceTree = "<group>"; };
		4295215624653850001DCEB7 /* Card.swift */ = {isa = PBXFileReference; lastKnownFileType = sourcecode.swift; path = Card.swift; sourceTree = "<group>"; };
		4295215A24653DB1001DCEB7 /* Logger.swift */ = {isa = PBXFileReference; lastKnownFileType = sourcecode.swift; path = Logger.swift; sourceTree = "<group>"; };
		4295215C246547A2001DCEB7 /* GameRule.swift */ = {isa = PBXFileReference; lastKnownFileType = sourcecode.swift; path = GameRule.swift; sourceTree = "<group>"; };
		4295215E24654857001DCEB7 /* BridgeGameRule.swift */ = {isa = PBXFileReference; lastKnownFileType = sourcecode.swift; path = BridgeGameRule.swift; sourceTree = "<group>"; };
		4295216124654E36001DCEB7 /* GameServer.swift */ = {isa = PBXFileReference; lastKnownFileType = sourcecode.swift; path = GameServer.swift; sourceTree = "<group>"; };
		4295216324654E42001DCEB7 /* GameClient.swift */ = {isa = PBXFileReference; lastKnownFileType = sourcecode.swift; path = GameClient.swift; sourceTree = "<group>"; };
		429521662465526A001DCEB7 /* LobbyController.swift */ = {isa = PBXFileReference; lastKnownFileType = sourcecode.swift; path = LobbyController.swift; sourceTree = "<group>"; };
		4295216824655D83001DCEB7 /* NetworkManager.swift */ = {isa = PBXFileReference; lastKnownFileType = sourcecode.swift; path = NetworkManager.swift; sourceTree = "<group>"; };
		4295216A24655DE8001DCEB7 /* NetworkingProtocol.swift */ = {isa = PBXFileReference; lastKnownFileType = sourcecode.swift; path = NetworkingProtocol.swift; sourceTree = "<group>"; };
		42AB3BE224688E04004579DE /* LogTableViewCell.swift */ = {isa = PBXFileReference; lastKnownFileType = sourcecode.swift; path = LogTableViewCell.swift; sourceTree = "<group>"; };
		5A5810DB133A41A286E197F8 /* Pods-iOSCardGames-iOSCardGamesUITests.release.xcconfig */ = {isa = PBXFileReference; includeInIndex = 1; lastKnownFileType = text.xcconfig; name = "Pods-iOSCardGames-iOSCardGamesUITests.release.xcconfig"; path = "Target Support Files/Pods-iOSCardGames-iOSCardGamesUITests/Pods-iOSCardGames-iOSCardGamesUITests.release.xcconfig"; sourceTree = "<group>"; };
		7482653470F8A3850AC2E3C8 /* Pods_iOSCardGamesTests.framework */ = {isa = PBXFileReference; explicitFileType = wrapper.framework; includeInIndex = 0; path = Pods_iOSCardGamesTests.framework; sourceTree = BUILT_PRODUCTS_DIR; };
		764952CB8EC8E73CA16A491B /* Pods-iOSCardGames-iOSCardGamesUITests.debug.xcconfig */ = {isa = PBXFileReference; includeInIndex = 1; lastKnownFileType = text.xcconfig; name = "Pods-iOSCardGames-iOSCardGamesUITests.debug.xcconfig"; path = "Target Support Files/Pods-iOSCardGames-iOSCardGamesUITests/Pods-iOSCardGames-iOSCardGamesUITests.debug.xcconfig"; sourceTree = "<group>"; };
		867527C3FDEB68F246E5731E /* Pods-iOSCardGamesTests.release.xcconfig */ = {isa = PBXFileReference; includeInIndex = 1; lastKnownFileType = text.xcconfig; name = "Pods-iOSCardGamesTests.release.xcconfig"; path = "Target Support Files/Pods-iOSCardGamesTests/Pods-iOSCardGamesTests.release.xcconfig"; sourceTree = "<group>"; };
		8CB82BAF049FD534EB895008 /* Pods_iOSCardGames.framework */ = {isa = PBXFileReference; explicitFileType = wrapper.framework; includeInIndex = 0; path = Pods_iOSCardGames.framework; sourceTree = BUILT_PRODUCTS_DIR; };
		939303BC1755C6803C542F6F /* Pods-iOSCardGames.debug.xcconfig */ = {isa = PBXFileReference; includeInIndex = 1; lastKnownFileType = text.xcconfig; name = "Pods-iOSCardGames.debug.xcconfig"; path = "Target Support Files/Pods-iOSCardGames/Pods-iOSCardGames.debug.xcconfig"; sourceTree = "<group>"; };
		C1B301B36767D3FD0ECC6840 /* Pods-iOSCardGamesTests.debug.xcconfig */ = {isa = PBXFileReference; includeInIndex = 1; lastKnownFileType = text.xcconfig; name = "Pods-iOSCardGamesTests.debug.xcconfig"; path = "Target Support Files/Pods-iOSCardGamesTests/Pods-iOSCardGamesTests.debug.xcconfig"; sourceTree = "<group>"; };
		EA6F21200762B08DFE22963F /* Pods-iOSCardGames.release.xcconfig */ = {isa = PBXFileReference; includeInIndex = 1; lastKnownFileType = text.xcconfig; name = "Pods-iOSCardGames.release.xcconfig"; path = "Target Support Files/Pods-iOSCardGames/Pods-iOSCardGames.release.xcconfig"; sourceTree = "<group>"; };
		F4302761A74B02699E6259B3 /* Pods_iOSCardGames_iOSCardGamesUITests.framework */ = {isa = PBXFileReference; explicitFileType = wrapper.framework; includeInIndex = 0; path = Pods_iOSCardGames_iOSCardGamesUITests.framework; sourceTree = BUILT_PRODUCTS_DIR; };
/* End PBXFileReference section */

/* Begin PBXFrameworksBuildPhase section */
		4295211A246537EC001DCEB7 /* Frameworks */ = {
			isa = PBXFrameworksBuildPhase;
			buildActionMask = 2147483647;
			files = (
				90E578383153AF5C417F1FD2 /* Pods_iOSCardGames.framework in Frameworks */,
			);
			runOnlyForDeploymentPostprocessing = 0;
		};
		42952133246537EF001DCEB7 /* Frameworks */ = {
			isa = PBXFrameworksBuildPhase;
			buildActionMask = 2147483647;
			files = (
				ACBCFB40DA22D1BFBFDA7BF1 /* Pods_iOSCardGamesTests.framework in Frameworks */,
			);
			runOnlyForDeploymentPostprocessing = 0;
		};
		4295213E246537EF001DCEB7 /* Frameworks */ = {
			isa = PBXFrameworksBuildPhase;
			buildActionMask = 2147483647;
			files = (
				F0266933EB81A347DC49AE2D /* Pods_iOSCardGames_iOSCardGamesUITests.framework in Frameworks */,
			);
			runOnlyForDeploymentPostprocessing = 0;
		};
/* End PBXFrameworksBuildPhase section */

/* Begin PBXGroup section */
		42952114246537EC001DCEB7 = {
			isa = PBXGroup;
			children = (
				4295211F246537ED001DCEB7 /* iOSCardGames */,
				42952139246537EF001DCEB7 /* iOSCardGamesTests */,
				42952144246537EF001DCEB7 /* iOSCardGamesUITests */,
				4295211E246537ED001DCEB7 /* Products */,
				6884FBED275E5D99E04AA068 /* Pods */,
				45FD86C241E926296A72EAB1 /* Frameworks */,
			);
			sourceTree = "<group>";
		};
		4295211E246537ED001DCEB7 /* Products */ = {
			isa = PBXGroup;
			children = (
				4295211D246537EC001DCEB7 /* iOSCardGames.app */,
				42952136246537EF001DCEB7 /* iOSCardGamesTests.xctest */,
				42952141246537EF001DCEB7 /* iOSCardGamesUITests.xctest */,
			);
			name = Products;
			sourceTree = "<group>";
		};
		4295211F246537ED001DCEB7 /* iOSCardGames */ = {
			isa = PBXGroup;
			children = (
				4295216524654FC9001DCEB7 /* Util */,
				4295216024654E21001DCEB7 /* Managers */,
				4295215824653BB5001DCEB7 /* ContractBridge */,
				429521532465382B001DCEB7 /* Cards */,
				42952120246537ED001DCEB7 /* AppDelegate.swift */,
				42952124246537ED001DCEB7 /* MainMenuController.swift */,
				429521662465526A001DCEB7 /* LobbyController.swift */,
				42952126246537ED001DCEB7 /* Main.storyboard */,
				4295212C246537EF001DCEB7 /* Assets.xcassets */,
				4295212E246537EF001DCEB7 /* LaunchScreen.storyboard */,
				42952131246537EF001DCEB7 /* Info.plist */,
				42952129246537ED001DCEB7 /* iOSCardGames.xcdatamodeld */,
			);
			path = iOSCardGames;
			sourceTree = "<group>";
		};
		42952139246537EF001DCEB7 /* iOSCardGamesTests */ = {
			isa = PBXGroup;
			children = (
				4295213A246537EF001DCEB7 /* iOSCardGamesTests.swift */,
				4295213C246537EF001DCEB7 /* Info.plist */,
				4250290224692C6600BA6E54 /* CardTests.swift */,
			);
			path = iOSCardGamesTests;
			sourceTree = "<group>";
		};
		42952144246537EF001DCEB7 /* iOSCardGamesUITests */ = {
			isa = PBXGroup;
			children = (
				42952145246537EF001DCEB7 /* iOSCardGamesUITests.swift */,
				42952147246537EF001DCEB7 /* Info.plist */,
			);
			path = iOSCardGamesUITests;
			sourceTree = "<group>";
		};
		429521532465382B001DCEB7 /* Cards */ = {
			isa = PBXGroup;
			children = (
				4295215424653845001DCEB7 /* Deck.swift */,
				4295215624653850001DCEB7 /* Card.swift */,
				4295215C246547A2001DCEB7 /* GameRule.swift */,
			);
			path = Cards;
			sourceTree = "<group>";
		};
		4295215824653BB5001DCEB7 /* ContractBridge */ = {
			isa = PBXGroup;
			children = (
				4295215E24654857001DCEB7 /* BridgeGameRule.swift */,
			);
			path = ContractBridge;
			sourceTree = "<group>";
		};
		4295216024654E21001DCEB7 /* Managers */ = {
			isa = PBXGroup;
			children = (
				4295216124654E36001DCEB7 /* GameServer.swift */,
				4295216324654E42001DCEB7 /* GameClient.swift */,
				4217B6A52469F28800B2124C /* GameManager.swift */,
				4295216824655D83001DCEB7 /* NetworkManager.swift */,
				4295216A24655DE8001DCEB7 /* NetworkingProtocol.swift */,
			);
			path = Managers;
			sourceTree = "<group>";
		};
		4295216524654FC9001DCEB7 /* Util */ = {
			isa = PBXGroup;
			children = (
				4295215A24653DB1001DCEB7 /* Logger.swift */,
				42AB3BE224688E04004579DE /* LogTableViewCell.swift */,
				425029002469287000BA6E54 /* ChatBubble.swift */,
			);
			path = Util;
			sourceTree = "<group>";
		};
		45FD86C241E926296A72EAB1 /* Frameworks */ = {
			isa = PBXGroup;
			children = (
				8CB82BAF049FD534EB895008 /* Pods_iOSCardGames.framework */,
				F4302761A74B02699E6259B3 /* Pods_iOSCardGames_iOSCardGamesUITests.framework */,
				7482653470F8A3850AC2E3C8 /* Pods_iOSCardGamesTests.framework */,
			);
			name = Frameworks;
			sourceTree = "<group>";
		};
		6884FBED275E5D99E04AA068 /* Pods */ = {
			isa = PBXGroup;
			children = (
				939303BC1755C6803C542F6F /* Pods-iOSCardGames.debug.xcconfig */,
				EA6F21200762B08DFE22963F /* Pods-iOSCardGames.release.xcconfig */,
				764952CB8EC8E73CA16A491B /* Pods-iOSCardGames-iOSCardGamesUITests.debug.xcconfig */,
				5A5810DB133A41A286E197F8 /* Pods-iOSCardGames-iOSCardGamesUITests.release.xcconfig */,
				C1B301B36767D3FD0ECC6840 /* Pods-iOSCardGamesTests.debug.xcconfig */,
				867527C3FDEB68F246E5731E /* Pods-iOSCardGamesTests.release.xcconfig */,
			);
			name = Pods;
			path = Pods;
			sourceTree = "<group>";
		};
/* End PBXGroup section */

/* Begin PBXNativeTarget section */
		4295211C246537EC001DCEB7 /* iOSCardGames */ = {
			isa = PBXNativeTarget;
			buildConfigurationList = 4295214A246537EF001DCEB7 /* Build configuration list for PBXNativeTarget "iOSCardGames" */;
			buildPhases = (
				1382FCD9146C0621342C4024 /* [CP] Check Pods Manifest.lock */,
				42952119246537EC001DCEB7 /* Sources */,
				4295211A246537EC001DCEB7 /* Frameworks */,
				4295211B246537EC001DCEB7 /* Resources */,
			);
			buildRules = (
			);
			dependencies = (
			);
			name = iOSCardGames;
			productName = iOSCardGames;
			productReference = 4295211D246537EC001DCEB7 /* iOSCardGames.app */;
			productType = "com.apple.product-type.application";
		};
		42952135246537EF001DCEB7 /* iOSCardGamesTests */ = {
			isa = PBXNativeTarget;
			buildConfigurationList = 4295214D246537EF001DCEB7 /* Build configuration list for PBXNativeTarget "iOSCardGamesTests" */;
			buildPhases = (
				49B0227EEC97730A90432F58 /* [CP] Check Pods Manifest.lock */,
				42952132246537EF001DCEB7 /* Sources */,
				42952133246537EF001DCEB7 /* Frameworks */,
				42952134246537EF001DCEB7 /* Resources */,
			);
			buildRules = (
			);
			dependencies = (
				42952138246537EF001DCEB7 /* PBXTargetDependency */,
			);
			name = iOSCardGamesTests;
			productName = iOSCardGamesTests;
			productReference = 42952136246537EF001DCEB7 /* iOSCardGamesTests.xctest */;
			productType = "com.apple.product-type.bundle.unit-test";
		};
		42952140246537EF001DCEB7 /* iOSCardGamesUITests */ = {
			isa = PBXNativeTarget;
			buildConfigurationList = 42952150246537EF001DCEB7 /* Build configuration list for PBXNativeTarget "iOSCardGamesUITests" */;
			buildPhases = (
				ADFA1CA777F26392CEF1C978 /* [CP] Check Pods Manifest.lock */,
				4295213D246537EF001DCEB7 /* Sources */,
				4295213E246537EF001DCEB7 /* Frameworks */,
				4295213F246537EF001DCEB7 /* Resources */,
			);
			buildRules = (
			);
			dependencies = (
				42952143246537EF001DCEB7 /* PBXTargetDependency */,
			);
			name = iOSCardGamesUITests;
			productName = iOSCardGamesUITests;
			productReference = 42952141246537EF001DCEB7 /* iOSCardGamesUITests.xctest */;
			productType = "com.apple.product-type.bundle.ui-testing";
		};
/* End PBXNativeTarget section */

/* Begin PBXProject section */
		42952115246537EC001DCEB7 /* Project object */ = {
			isa = PBXProject;
			attributes = {
				LastSwiftUpdateCheck = 1130;
				LastUpgradeCheck = 1130;
				ORGANIZATIONNAME = "Joshua Ng";
				TargetAttributes = {
					4295211C246537EC001DCEB7 = {
						CreatedOnToolsVersion = 11.3;
					};
					42952135246537EF001DCEB7 = {
						CreatedOnToolsVersion = 11.3;
						TestTargetID = 4295211C246537EC001DCEB7;
					};
					42952140246537EF001DCEB7 = {
						CreatedOnToolsVersion = 11.3;
						TestTargetID = 4295211C246537EC001DCEB7;
					};
				};
			};
			buildConfigurationList = 42952118246537EC001DCEB7 /* Build configuration list for PBXProject "iOSCardGames" */;
			compatibilityVersion = "Xcode 9.3";
			developmentRegion = en;
			hasScannedForEncodings = 0;
			knownRegions = (
				en,
				Base,
			);
			mainGroup = 42952114246537EC001DCEB7;
			productRefGroup = 4295211E246537ED001DCEB7 /* Products */;
			projectDirPath = "";
			projectRoot = "";
			targets = (
				4295211C246537EC001DCEB7 /* iOSCardGames */,
				42952135246537EF001DCEB7 /* iOSCardGamesTests */,
				42952140246537EF001DCEB7 /* iOSCardGamesUITests */,
			);
		};
/* End PBXProject section */

/* Begin PBXResourcesBuildPhase section */
		4295211B246537EC001DCEB7 /* Resources */ = {
			isa = PBXResourcesBuildPhase;
			buildActionMask = 2147483647;
			files = (
				42952130246537EF001DCEB7 /* LaunchScreen.storyboard in Resources */,
				4295212D246537EF001DCEB7 /* Assets.xcassets in Resources */,
				42952128246537ED001DCEB7 /* Main.storyboard in Resources */,
			);
			runOnlyForDeploymentPostprocessing = 0;
		};
		42952134246537EF001DCEB7 /* Resources */ = {
			isa = PBXResourcesBuildPhase;
			buildActionMask = 2147483647;
			files = (
			);
			runOnlyForDeploymentPostprocessing = 0;
		};
		4295213F246537EF001DCEB7 /* Resources */ = {
			isa = PBXResourcesBuildPhase;
			buildActionMask = 2147483647;
			files = (
			);
			runOnlyForDeploymentPostprocessing = 0;
		};
/* End PBXResourcesBuildPhase section */

/* Begin PBXShellScriptBuildPhase section */
		1382FCD9146C0621342C4024 /* [CP] Check Pods Manifest.lock */ = {
			isa = PBXShellScriptBuildPhase;
			buildActionMask = 2147483647;
			files = (
			);
			inputFileListPaths = (
			);
			inputPaths = (
				"${PODS_PODFILE_DIR_PATH}/Podfile.lock",
				"${PODS_ROOT}/Manifest.lock",
			);
			name = "[CP] Check Pods Manifest.lock";
			outputFileListPaths = (
			);
			outputPaths = (
				"$(DERIVED_FILE_DIR)/Pods-iOSCardGames-checkManifestLockResult.txt",
			);
			runOnlyForDeploymentPostprocessing = 0;
			shellPath = /bin/sh;
			shellScript = "diff \"${PODS_PODFILE_DIR_PATH}/Podfile.lock\" \"${PODS_ROOT}/Manifest.lock\" > /dev/null\nif [ $? != 0 ] ; then\n    # print error to STDERR\n    echo \"error: The sandbox is not in sync with the Podfile.lock. Run 'pod install' or update your CocoaPods installation.\" >&2\n    exit 1\nfi\n# This output is used by Xcode 'outputs' to avoid re-running this script phase.\necho \"SUCCESS\" > \"${SCRIPT_OUTPUT_FILE_0}\"\n";
			showEnvVarsInLog = 0;
		};
		49B0227EEC97730A90432F58 /* [CP] Check Pods Manifest.lock */ = {
			isa = PBXShellScriptBuildPhase;
			buildActionMask = 2147483647;
			files = (
			);
			inputFileListPaths = (
			);
			inputPaths = (
				"${PODS_PODFILE_DIR_PATH}/Podfile.lock",
				"${PODS_ROOT}/Manifest.lock",
			);
			name = "[CP] Check Pods Manifest.lock";
			outputFileListPaths = (
			);
			outputPaths = (
				"$(DERIVED_FILE_DIR)/Pods-iOSCardGamesTests-checkManifestLockResult.txt",
			);
			runOnlyForDeploymentPostprocessing = 0;
			shellPath = /bin/sh;
			shellScript = "diff \"${PODS_PODFILE_DIR_PATH}/Podfile.lock\" \"${PODS_ROOT}/Manifest.lock\" > /dev/null\nif [ $? != 0 ] ; then\n    # print error to STDERR\n    echo \"error: The sandbox is not in sync with the Podfile.lock. Run 'pod install' or update your CocoaPods installation.\" >&2\n    exit 1\nfi\n# This output is used by Xcode 'outputs' to avoid re-running this script phase.\necho \"SUCCESS\" > \"${SCRIPT_OUTPUT_FILE_0}\"\n";
			showEnvVarsInLog = 0;
		};
		ADFA1CA777F26392CEF1C978 /* [CP] Check Pods Manifest.lock */ = {
			isa = PBXShellScriptBuildPhase;
			buildActionMask = 2147483647;
			files = (
			);
			inputFileListPaths = (
			);
			inputPaths = (
				"${PODS_PODFILE_DIR_PATH}/Podfile.lock",
				"${PODS_ROOT}/Manifest.lock",
			);
			name = "[CP] Check Pods Manifest.lock";
			outputFileListPaths = (
			);
			outputPaths = (
				"$(DERIVED_FILE_DIR)/Pods-iOSCardGames-iOSCardGamesUITests-checkManifestLockResult.txt",
			);
			runOnlyForDeploymentPostprocessing = 0;
			shellPath = /bin/sh;
			shellScript = "diff \"${PODS_PODFILE_DIR_PATH}/Podfile.lock\" \"${PODS_ROOT}/Manifest.lock\" > /dev/null\nif [ $? != 0 ] ; then\n    # print error to STDERR\n    echo \"error: The sandbox is not in sync with the Podfile.lock. Run 'pod install' or update your CocoaPods installation.\" >&2\n    exit 1\nfi\n# This output is used by Xcode 'outputs' to avoid re-running this script phase.\necho \"SUCCESS\" > \"${SCRIPT_OUTPUT_FILE_0}\"\n";
			showEnvVarsInLog = 0;
		};
/* End PBXShellScriptBuildPhase section */

/* Begin PBXSourcesBuildPhase section */
		42952119246537EC001DCEB7 /* Sources */ = {
			isa = PBXSourcesBuildPhase;
			buildActionMask = 2147483647;
			files = (
				42AB3BE324688E04004579DE /* LogTableViewCell.swift in Sources */,
				4217B6A62469F28800B2124C /* GameManager.swift in Sources */,
				425029012469287000BA6E54 /* ChatBubble.swift in Sources */,
				4295216224654E36001DCEB7 /* GameServer.swift in Sources */,
				42952125246537ED001DCEB7 /* MainMenuController.swift in Sources */,
				4295215724653850001DCEB7 /* Card.swift in Sources */,
				4295216924655D83001DCEB7 /* NetworkManager.swift in Sources */,
				42952121246537ED001DCEB7 /* AppDelegate.swift in Sources */,
				4295216B24655DE8001DCEB7 /* NetworkingProtocol.swift in Sources */,
				429521672465526A001DCEB7 /* LobbyController.swift in Sources */,
				4295215524653845001DCEB7 /* Deck.swift in Sources */,
				4295215D246547A2001DCEB7 /* GameRule.swift in Sources */,
				4295215B24653DB1001DCEB7 /* Logger.swift in Sources */,
				4295216424654E42001DCEB7 /* GameClient.swift in Sources */,
				4295215F24654857001DCEB7 /* BridgeGameRule.swift in Sources */,
				4295212B246537ED001DCEB7 /* iOSCardGames.xcdatamodeld in Sources */,
			);
			runOnlyForDeploymentPostprocessing = 0;
		};
		42952132246537EF001DCEB7 /* Sources */ = {
			isa = PBXSourcesBuildPhase;
			buildActionMask = 2147483647;
			files = (
				4295213B246537EF001DCEB7 /* iOSCardGamesTests.swift in Sources */,
				4250290324692C6600BA6E54 /* CardTests.swift in Sources */,
			);
			runOnlyForDeploymentPostprocessing = 0;
		};
		4295213D246537EF001DCEB7 /* Sources */ = {
			isa = PBXSourcesBuildPhase;
			buildActionMask = 2147483647;
			files = (
				42952146246537EF001DCEB7 /* iOSCardGamesUITests.swift in Sources */,
			);
			runOnlyForDeploymentPostprocessing = 0;
		};
/* End PBXSourcesBuildPhase section */

/* Begin PBXTargetDependency section */
		42952138246537EF001DCEB7 /* PBXTargetDependency */ = {
			isa = PBXTargetDependency;
			target = 4295211C246537EC001DCEB7 /* iOSCardGames */;
			targetProxy = 42952137246537EF001DCEB7 /* PBXContainerItemProxy */;
		};
		42952143246537EF001DCEB7 /* PBXTargetDependency */ = {
			isa = PBXTargetDependency;
			target = 4295211C246537EC001DCEB7 /* iOSCardGames */;
			targetProxy = 42952142246537EF001DCEB7 /* PBXContainerItemProxy */;
		};
/* End PBXTargetDependency section */

/* Begin PBXVariantGroup section */
		42952126246537ED001DCEB7 /* Main.storyboard */ = {
			isa = PBXVariantGroup;
			children = (
				42952127246537ED001DCEB7 /* Base */,
			);
			name = Main.storyboard;
			sourceTree = "<group>";
		};
		4295212E246537EF001DCEB7 /* LaunchScreen.storyboard */ = {
			isa = PBXVariantGroup;
			children = (
				4295212F246537EF001DCEB7 /* Base */,
			);
			name = LaunchScreen.storyboard;
			sourceTree = "<group>";
		};
/* End PBXVariantGroup section */

/* Begin XCBuildConfiguration section */
		42952148246537EF001DCEB7 /* Debug */ = {
			isa = XCBuildConfiguration;
			buildSettings = {
				ALWAYS_SEARCH_USER_PATHS = NO;
				CLANG_ANALYZER_NONNULL = YES;
				CLANG_ANALYZER_NUMBER_OBJECT_CONVERSION = YES_AGGRESSIVE;
				CLANG_CXX_LANGUAGE_STANDARD = "gnu++14";
				CLANG_CXX_LIBRARY = "libc++";
				CLANG_ENABLE_MODULES = YES;
				CLANG_ENABLE_OBJC_ARC = YES;
				CLANG_ENABLE_OBJC_WEAK = YES;
				CLANG_WARN_BLOCK_CAPTURE_AUTORELEASING = YES;
				CLANG_WARN_BOOL_CONVERSION = YES;
				CLANG_WARN_COMMA = YES;
				CLANG_WARN_CONSTANT_CONVERSION = YES;
				CLANG_WARN_DEPRECATED_OBJC_IMPLEMENTATIONS = YES;
				CLANG_WARN_DIRECT_OBJC_ISA_USAGE = YES_ERROR;
				CLANG_WARN_DOCUMENTATION_COMMENTS = YES;
				CLANG_WARN_EMPTY_BODY = YES;
				CLANG_WARN_ENUM_CONVERSION = YES;
				CLANG_WARN_INFINITE_RECURSION = YES;
				CLANG_WARN_INT_CONVERSION = YES;
				CLANG_WARN_NON_LITERAL_NULL_CONVERSION = YES;
				CLANG_WARN_OBJC_IMPLICIT_RETAIN_SELF = YES;
				CLANG_WARN_OBJC_LITERAL_CONVERSION = YES;
				CLANG_WARN_OBJC_ROOT_CLASS = YES_ERROR;
				CLANG_WARN_RANGE_LOOP_ANALYSIS = YES;
				CLANG_WARN_STRICT_PROTOTYPES = YES;
				CLANG_WARN_SUSPICIOUS_MOVE = YES;
				CLANG_WARN_UNGUARDED_AVAILABILITY = YES_AGGRESSIVE;
				CLANG_WARN_UNREACHABLE_CODE = YES;
				CLANG_WARN__DUPLICATE_METHOD_MATCH = YES;
				COPY_PHASE_STRIP = NO;
				DEBUG_INFORMATION_FORMAT = dwarf;
				ENABLE_STRICT_OBJC_MSGSEND = YES;
				ENABLE_TESTABILITY = YES;
				GCC_C_LANGUAGE_STANDARD = gnu11;
				GCC_DYNAMIC_NO_PIC = NO;
				GCC_NO_COMMON_BLOCKS = YES;
				GCC_OPTIMIZATION_LEVEL = 0;
				GCC_PREPROCESSOR_DEFINITIONS = (
					"DEBUG=1",
					"$(inherited)",
				);
				GCC_WARN_64_TO_32_BIT_CONVERSION = YES;
				GCC_WARN_ABOUT_RETURN_TYPE = YES_ERROR;
				GCC_WARN_UNDECLARED_SELECTOR = YES;
				GCC_WARN_UNINITIALIZED_AUTOS = YES_AGGRESSIVE;
				GCC_WARN_UNUSED_FUNCTION = YES;
				GCC_WARN_UNUSED_VARIABLE = YES;
				IPHONEOS_DEPLOYMENT_TARGET = 13.2;
				MTL_ENABLE_DEBUG_INFO = INCLUDE_SOURCE;
				MTL_FAST_MATH = YES;
				ONLY_ACTIVE_ARCH = YES;
				SDKROOT = iphoneos;
				SWIFT_ACTIVE_COMPILATION_CONDITIONS = DEBUG;
				SWIFT_OPTIMIZATION_LEVEL = "-Onone";
			};
			name = Debug;
		};
		42952149246537EF001DCEB7 /* Release */ = {
			isa = XCBuildConfiguration;
			buildSettings = {
				ALWAYS_SEARCH_USER_PATHS = NO;
				CLANG_ANALYZER_NONNULL = YES;
				CLANG_ANALYZER_NUMBER_OBJECT_CONVERSION = YES_AGGRESSIVE;
				CLANG_CXX_LANGUAGE_STANDARD = "gnu++14";
				CLANG_CXX_LIBRARY = "libc++";
				CLANG_ENABLE_MODULES = YES;
				CLANG_ENABLE_OBJC_ARC = YES;
				CLANG_ENABLE_OBJC_WEAK = YES;
				CLANG_WARN_BLOCK_CAPTURE_AUTORELEASING = YES;
				CLANG_WARN_BOOL_CONVERSION = YES;
				CLANG_WARN_COMMA = YES;
				CLANG_WARN_CONSTANT_CONVERSION = YES;
				CLANG_WARN_DEPRECATED_OBJC_IMPLEMENTATIONS = YES;
				CLANG_WARN_DIRECT_OBJC_ISA_USAGE = YES_ERROR;
				CLANG_WARN_DOCUMENTATION_COMMENTS = YES;
				CLANG_WARN_EMPTY_BODY = YES;
				CLANG_WARN_ENUM_CONVERSION = YES;
				CLANG_WARN_INFINITE_RECURSION = YES;
				CLANG_WARN_INT_CONVERSION = YES;
				CLANG_WARN_NON_LITERAL_NULL_CONVERSION = YES;
				CLANG_WARN_OBJC_IMPLICIT_RETAIN_SELF = YES;
				CLANG_WARN_OBJC_LITERAL_CONVERSION = YES;
				CLANG_WARN_OBJC_ROOT_CLASS = YES_ERROR;
				CLANG_WARN_RANGE_LOOP_ANALYSIS = YES;
				CLANG_WARN_STRICT_PROTOTYPES = YES;
				CLANG_WARN_SUSPICIOUS_MOVE = YES;
				CLANG_WARN_UNGUARDED_AVAILABILITY = YES_AGGRESSIVE;
				CLANG_WARN_UNREACHABLE_CODE = YES;
				CLANG_WARN__DUPLICATE_METHOD_MATCH = YES;
				COPY_PHASE_STRIP = NO;
				DEBUG_INFORMATION_FORMAT = "dwarf-with-dsym";
				ENABLE_NS_ASSERTIONS = NO;
				ENABLE_STRICT_OBJC_MSGSEND = YES;
				GCC_C_LANGUAGE_STANDARD = gnu11;
				GCC_NO_COMMON_BLOCKS = YES;
				GCC_WARN_64_TO_32_BIT_CONVERSION = YES;
				GCC_WARN_ABOUT_RETURN_TYPE = YES_ERROR;
				GCC_WARN_UNDECLARED_SELECTOR = YES;
				GCC_WARN_UNINITIALIZED_AUTOS = YES_AGGRESSIVE;
				GCC_WARN_UNUSED_FUNCTION = YES;
				GCC_WARN_UNUSED_VARIABLE = YES;
				IPHONEOS_DEPLOYMENT_TARGET = 13.2;
				MTL_ENABLE_DEBUG_INFO = NO;
				MTL_FAST_MATH = YES;
				SDKROOT = iphoneos;
				SWIFT_COMPILATION_MODE = wholemodule;
				SWIFT_OPTIMIZATION_LEVEL = "-O";
				VALIDATE_PRODUCT = YES;
			};
			name = Release;
		};
		4295214B246537EF001DCEB7 /* Debug */ = {
			isa = XCBuildConfiguration;
			baseConfigurationReference = 939303BC1755C6803C542F6F /* Pods-iOSCardGames.debug.xcconfig */;
			buildSettings = {
				ASSETCATALOG_COMPILER_APPICON_NAME = AppIcon;
				CODE_SIGN_STYLE = Automatic;
				DEVELOPMENT_TEAM = 9L3YJ245G5;
				INFOPLIST_FILE = iOSCardGames/Info.plist;
				IPHONEOS_DEPLOYMENT_TARGET = 11.0;
				LD_RUNPATH_SEARCH_PATHS = (
					"$(inherited)",
					"@executable_path/Frameworks",
				);
				PRODUCT_BUNDLE_IDENTIFIER = com.joshua.iOSCardGames;
				PRODUCT_NAME = "$(TARGET_NAME)";
				SWIFT_VERSION = 5.0;
				TARGETED_DEVICE_FAMILY = "1,2";
			};
			name = Debug;
		};
		4295214C246537EF001DCEB7 /* Release */ = {
			isa = XCBuildConfiguration;
			baseConfigurationReference = EA6F21200762B08DFE22963F /* Pods-iOSCardGames.release.xcconfig */;
			buildSettings = {
				ASSETCATALOG_COMPILER_APPICON_NAME = AppIcon;
				CODE_SIGN_STYLE = Automatic;
				DEVELOPMENT_TEAM = 9L3YJ245G5;
				INFOPLIST_FILE = iOSCardGames/Info.plist;
				IPHONEOS_DEPLOYMENT_TARGET = 11.0;
				LD_RUNPATH_SEARCH_PATHS = (
					"$(inherited)",
					"@executable_path/Frameworks",
				);
				PRODUCT_BUNDLE_IDENTIFIER = com.joshua.iOSCardGames;
				PRODUCT_NAME = "$(TARGET_NAME)";
				SWIFT_VERSION = 5.0;
				TARGETED_DEVICE_FAMILY = "1,2";
			};
			name = Release;
		};
		4295214E246537EF001DCEB7 /* Debug */ = {
			isa = XCBuildConfiguration;
			baseConfigurationReference = C1B301B36767D3FD0ECC6840 /* Pods-iOSCardGamesTests.debug.xcconfig */;
			buildSettings = {
				ALWAYS_EMBED_SWIFT_STANDARD_LIBRARIES = YES;
				BUNDLE_LOADER = "$(TEST_HOST)";
				CODE_SIGN_STYLE = Automatic;
				DEVELOPMENT_TEAM = 9L3YJ245G5;
				INFOPLIST_FILE = iOSCardGamesTests/Info.plist;
				IPHONEOS_DEPLOYMENT_TARGET = 13.2;
				LD_RUNPATH_SEARCH_PATHS = (
					"$(inherited)",
					"@executable_path/Frameworks",
					"@loader_path/Frameworks",
				);
				PRODUCT_BUNDLE_IDENTIFIER = com.joshua.iOSCardGamesTests;
				PRODUCT_NAME = "$(TARGET_NAME)";
				SWIFT_VERSION = 5.0;
				TARGETED_DEVICE_FAMILY = "1,2";
				TEST_HOST = "$(BUILT_PRODUCTS_DIR)/iOSCardGames.app/iOSCardGames";
			};
			name = Debug;
		};
		4295214F246537EF001DCEB7 /* Release */ = {
			isa = XCBuildConfiguration;
			baseConfigurationReference = 867527C3FDEB68F246E5731E /* Pods-iOSCardGamesTests.release.xcconfig */;
			buildSettings = {
				ALWAYS_EMBED_SWIFT_STANDARD_LIBRARIES = YES;
				BUNDLE_LOADER = "$(TEST_HOST)";
				CODE_SIGN_STYLE = Automatic;
				DEVELOPMENT_TEAM = 9L3YJ245G5;
				INFOPLIST_FILE = iOSCardGamesTests/Info.plist;
				IPHONEOS_DEPLOYMENT_TARGET = 13.2;
				LD_RUNPATH_SEARCH_PATHS = (
					"$(inherited)",
					"@executable_path/Frameworks",
					"@loader_path/Frameworks",
				);
				PRODUCT_BUNDLE_IDENTIFIER = com.joshua.iOSCardGamesTests;
				PRODUCT_NAME = "$(TARGET_NAME)";
				SWIFT_VERSION = 5.0;
				TARGETED_DEVICE_FAMILY = "1,2";
				TEST_HOST = "$(BUILT_PRODUCTS_DIR)/iOSCardGames.app/iOSCardGames";
			};
			name = Release;
		};
		42952151246537EF001DCEB7 /* Debug */ = {
			isa = XCBuildConfiguration;
			baseConfigurationReference = 764952CB8EC8E73CA16A491B /* Pods-iOSCardGames-iOSCardGamesUITests.debug.xcconfig */;
			buildSettings = {
				ALWAYS_EMBED_SWIFT_STANDARD_LIBRARIES = YES;
				CODE_SIGN_STYLE = Automatic;
				DEVELOPMENT_TEAM = 9L3YJ245G5;
				INFOPLIST_FILE = iOSCardGamesUITests/Info.plist;
				LD_RUNPATH_SEARCH_PATHS = (
					"$(inherited)",
					"@executable_path/Frameworks",
					"@loader_path/Frameworks",
				);
				PRODUCT_BUNDLE_IDENTIFIER = com.joshua.iOSCardGamesUITests;
				PRODUCT_NAME = "$(TARGET_NAME)";
				SWIFT_VERSION = 5.0;
				TARGETED_DEVICE_FAMILY = "1,2";
				TEST_TARGET_NAME = iOSCardGames;
			};
			name = Debug;
		};
		42952152246537EF001DCEB7 /* Release */ = {
			isa = XCBuildConfiguration;
			baseConfigurationReference = 5A5810DB133A41A286E197F8 /* Pods-iOSCardGames-iOSCardGamesUITests.release.xcconfig */;
			buildSettings = {
				ALWAYS_EMBED_SWIFT_STANDARD_LIBRARIES = YES;
				CODE_SIGN_STYLE = Automatic;
				DEVELOPMENT_TEAM = 9L3YJ245G5;
				INFOPLIST_FILE = iOSCardGamesUITests/Info.plist;
				LD_RUNPATH_SEARCH_PATHS = (
					"$(inherited)",
					"@executable_path/Frameworks",
					"@loader_path/Frameworks",
				);
				PRODUCT_BUNDLE_IDENTIFIER = com.joshua.iOSCardGamesUITests;
				PRODUCT_NAME = "$(TARGET_NAME)";
				SWIFT_VERSION = 5.0;
				TARGETED_DEVICE_FAMILY = "1,2";
				TEST_TARGET_NAME = iOSCardGames;
			};
			name = Release;
		};
/* End XCBuildConfiguration section */

/* Begin XCConfigurationList section */
		42952118246537EC001DCEB7 /* Build configuration list for PBXProject "iOSCardGames" */ = {
			isa = XCConfigurationList;
			buildConfigurations = (
				42952148246537EF001DCEB7 /* Debug */,
				42952149246537EF001DCEB7 /* Release */,
			);
			defaultConfigurationIsVisible = 0;
			defaultConfigurationName = Release;
		};
		4295214A246537EF001DCEB7 /* Build configuration list for PBXNativeTarget "iOSCardGames" */ = {
			isa = XCConfigurationList;
			buildConfigurations = (
				4295214B246537EF001DCEB7 /* Debug */,
				4295214C246537EF001DCEB7 /* Release */,
			);
			defaultConfigurationIsVisible = 0;
			defaultConfigurationName = Release;
		};
		4295214D246537EF001DCEB7 /* Build configuration list for PBXNativeTarget "iOSCardGamesTests" */ = {
			isa = XCConfigurationList;
			buildConfigurations = (
				4295214E246537EF001DCEB7 /* Debug */,
				4295214F246537EF001DCEB7 /* Release */,
			);
			defaultConfigurationIsVisible = 0;
			defaultConfigurationName = Release;
		};
		42952150246537EF001DCEB7 /* Build configuration list for PBXNativeTarget "iOSCardGamesUITests" */ = {
			isa = XCConfigurationList;
			buildConfigurations = (
				42952151246537EF001DCEB7 /* Debug */,
				42952152246537EF001DCEB7 /* Release */,
			);
			defaultConfigurationIsVisible = 0;
			defaultConfigurationName = Release;
		};
/* End XCConfigurationList section */

/* Begin XCVersionGroup section */
		42952129246537ED001DCEB7 /* iOSCardGames.xcdatamodeld */ = {
			isa = XCVersionGroup;
			children = (
				4295212A246537ED001DCEB7 /* iOSCardGames.xcdatamodel */,
			);
			currentVersion = 4295212A246537ED001DCEB7 /* iOSCardGames.xcdatamodel */;
			path = iOSCardGames.xcdatamodeld;
			sourceTree = "<group>";
			versionGroupType = wrapper.xcdatamodel;
		};
/* End XCVersionGroup section */
	};
	rootObject = 42952115246537EC001DCEB7 /* Project object */;
}
